
Microsoft Visual Studio Solution File, Format Version 12.00
# Visual Studio Version 17
VisualStudioVersion = 17.5.002.0
MinimumVisualStudioVersion = 10.0.40219.1
Project("{9A19103F-16F7-4668-BE54-9A1E7A4F7556}") = "SharpLox", "sources\SharpLox\SharpLox.csproj", "{F5C7BE1A-9289-4E14-94C4-FB319D22FF27}"
EndProject
Project("{FAE04EC0-301F-11D3-BF4B-00C04F79EFBC}") = "SharpLox.UnitTests", "tests\SharpLox.UnitTests\SharpLox.UnitTests.csproj", "{5963505C-9D30-4353-AE0A-967F39456760}"
EndProject
Project("{FAE04EC0-301F-11D3-BF4B-00C04F79EFBC}") = "SharpLox.Sandbox", "sources\SharpLox.Sandbox\SharpLox.Sandbox.csproj", "{FDF009EF-9588-45ED-9EF4-2372958A123F}"
EndProject
Global
	GlobalSection(SolutionConfigurationPlatforms) = preSolution
		Debug|Any CPU = Debug|Any CPU
		Release|Any CPU = Release|Any CPU
	EndGlobalSection
	GlobalSection(ProjectConfigurationPlatforms) = postSolution
		{F5C7BE1A-9289-4E14-94C4-FB319D22FF27}.Debug|Any CPU.ActiveCfg = Debug|Any CPU
		{F5C7BE1A-9289-4E14-94C4-FB319D22FF27}.Debug|Any CPU.Build.0 = Debug|Any CPU
		{F5C7BE1A-9289-4E14-94C4-FB319D22FF27}.Release|Any CPU.ActiveCfg = Release|Any CPU
		{F5C7BE1A-9289-4E14-94C4-FB319D22FF27}.Release|Any CPU.Build.0 = Release|Any CPU
		{5963505C-9D30-4353-AE0A-967F39456760}.Debug|Any CPU.ActiveCfg = Debug|Any CPU
		{5963505C-9D30-4353-AE0A-967F39456760}.Debug|Any CPU.Build.0 = Debug|Any CPU
		{5963505C-9D30-4353-AE0A-967F39456760}.Release|Any CPU.ActiveCfg = Release|Any CPU
		{5963505C-9D30-4353-AE0A-967F39456760}.Release|Any CPU.Build.0 = Release|Any CPU
		{FDF009EF-9588-45ED-9EF4-2372958A123F}.Debug|Any CPU.ActiveCfg = Debug|Any CPU
		{FDF009EF-9588-45ED-9EF4-2372958A123F}.Debug|Any CPU.Build.0 = Debug|Any CPU
		{FDF009EF-9588-45ED-9EF4-2372958A123F}.Release|Any CPU.ActiveCfg = Release|Any CPU
		{FDF009EF-9588-45ED-9EF4-2372958A123F}.Release|Any CPU.Build.0 = Release|Any CPU
	EndGlobalSection
	GlobalSection(SolutionProperties) = preSolution
		HideSolutionNode = FALSE
	EndGlobalSection
	GlobalSection(ExtensibilityGlobals) = postSolution
		SolutionGuid = {B3EA3D9B-A2D3-412B-A5C0-A0BFF6CEABC6}
	EndGlobalSection
EndGlobal
